
Microsoft Visual Studio Solution File, Format Version 12.00
# Visual Studio Version 17
VisualStudioVersion = 17.12.35514.174
MinimumVisualStudioVersion = 10.0.40219.1
Project("{F2A71F9B-5D33-465A-A702-920D77279786}") = "LLM.DataPreparation.Tests", "LLM.DataPreparation.Tests\LLM.DataPreparation.Tests.fsproj", "{FEDDE0B1-5DFE-483A-B6DA-D79E4F1F49B6}"
EndProject
Project("{F2A71F9B-5D33-465A-A702-920D77279786}") = "LLM.DataPreparation", "LLM.DataPreparation\LLM.DataPreparation.fsproj", "{0C946DE1-CF89-433B-86BB-48F682A94E32}"
EndProject
Project("{2150E333-8FDC-42A3-9474-1A3956D46DE8}") = "Notes", "Notes", "{2E04479A-BF6D-426A-B8F7-C97F3EDE1AC2}"
	ProjectSection(SolutionItems) = preProject
		LLM.DataPreparation\Caluculate Context Vector.md = LLM.DataPreparation\Caluculate Context Vector.md
	EndProjectSection
EndProject
Global
	GlobalSection(SolutionConfigurationPlatforms) = preSolution
		Debug|Any CPU = Debug|Any CPU
		Release|Any CPU = Release|Any CPU
	EndGlobalSection
	GlobalSection(ProjectConfigurationPlatforms) = postSolution
		{FEDDE0B1-5DFE-483A-B6DA-D79E4F1F49B6}.Debug|Any CPU.ActiveCfg = Debug|Any CPU
		{FEDDE0B1-5DFE-483A-B6DA-D79E4F1F49B6}.Debug|Any CPU.Build.0 = Debug|Any CPU
		{FEDDE0B1-5DFE-483A-B6DA-D79E4F1F49B6}.Release|Any CPU.ActiveCfg = Release|Any CPU
		{FEDDE0B1-5DFE-483A-B6DA-D79E4F1F49B6}.Release|Any CPU.Build.0 = Release|Any CPU
		{0C946DE1-CF89-433B-86BB-48F682A94E32}.Debug|Any CPU.ActiveCfg = Debug|Any CPU
		{0C946DE1-CF89-433B-86BB-48F682A94E32}.Debug|Any CPU.Build.0 = Debug|Any CPU
		{0C946DE1-CF89-433B-86BB-48F682A94E32}.Release|Any CPU.ActiveCfg = Release|Any CPU
		{0C946DE1-CF89-433B-86BB-48F682A94E32}.Release|Any CPU.Build.0 = Release|Any CPU
	EndGlobalSection
	GlobalSection(SolutionProperties) = preSolution
		HideSolutionNode = FALSE
	EndGlobalSection
EndGlobal
